
Microsoft Visual Studio Solution File, Format Version 12.00
# Visual Studio Version 16
VisualStudioVersion = 16.0.31129.286
MinimumVisualStudioVersion = 10.0.40219.1
Project("{FAE04EC0-301F-11D3-BF4B-00C04F79EFBC}") = "Super-Image-Viewer", "Super-Image-Viewer\Super-Image-Viewer.csproj", "{F0CAB25D-2FA7-4BA8-85BF-E96AFFBD5A37}"
EndProject
Project("{2150E333-8FDC-42A3-9474-1A3956D46DE8}") = "Solution Items", "Solution Items", "{21D594A5-9FF7-4C5C-99D2-4791EAC87183}"
	ProjectSection(SolutionItems) = preProject
		.gitignore = .gitignore
	EndProjectSection
EndProject
Global
	GlobalSection(SolutionConfigurationPlatforms) = preSolution
		Debug|Any CPU = Debug|Any CPU
		Release|Any CPU = Release|Any CPU
	EndGlobalSection
	GlobalSection(ProjectConfigurationPlatforms) = postSolution
		{F0CAB25D-2FA7-4BA8-85BF-E96AFFBD5A37}.Debug|Any CPU.ActiveCfg = Debug|Any CPU
		{F0CAB25D-2FA7-4BA8-85BF-E96AFFBD5A37}.Debug|Any CPU.Build.0 = Debug|Any CPU
		{F0CAB25D-2FA7-4BA8-85BF-E96AFFBD5A37}.Release|Any CPU.ActiveCfg = Release|Any CPU
		{F0CAB25D-2FA7-4BA8-85BF-E96AFFBD5A37}.Release|Any CPU.Build.0 = Release|Any CPU
	EndGlobalSection
	GlobalSection(SolutionProperties) = preSolution
		HideSolutionNode = FALSE
	EndGlobalSection
	GlobalSection(ExtensibilityGlobals) = postSolution
		SolutionGuid = {51DB0B8C-F5BC-4F17-8139-991C3CB2BD4D}
	EndGlobalSection
EndGlobal
